
Microsoft Visual Studio Solution File, Format Version 12.00
# Visual Studio Version 16
VisualStudioVersion = 16.0.29306.81
MinimumVisualStudioVersion = 10.0.40219.1
Project("{2150E333-8FDC-42A3-9474-1A3956D46DE8}") = "BuildingBlocks", "BuildingBlocks", "{1694AE12-D3DE-4A55-8874-0E12FA483F01}"
EndProject
Project("{9A19103F-16F7-4668-BE54-9A1E7A4F7556}") = "MikeGrayCodes.BuildingBlocks.Domain", "BuildingBlocks\MikeGrayCodes.BuildingBlocks.Domain\MikeGrayCodes.BuildingBlocks.Domain.csproj", "{FF251BFF-7651-4F21-BA59-E5F2679EFF9F}"
EndProject
Project("{9A19103F-16F7-4668-BE54-9A1E7A4F7556}") = "MikeGrayCodes.BuildingBlocks.Application", "BuildingBlocks\MikeGrayCodes.BuildingBlocks.Application\MikeGrayCodes.BuildingBlocks.Application.csproj", "{F4EAF93D-C02D-448C-82B9-1B9111AB0F3E}"
EndProject
Project("{FAE04EC0-301F-11D3-BF4B-00C04F79EFBC}") = "MikeGrayCodes.BuildingBlocks.EventBus", "BuildingBlocks\MikeGrayCodes.BuildingBlocks.EventBus\MikeGrayCodes.BuildingBlocks.EventBus.csproj", "{5152E2E5-066F-4EF5-9D05-644D8F3AB1B8}"
EndProject
Project("{FAE04EC0-301F-11D3-BF4B-00C04F79EFBC}") = "MikeGrayCodes.BuildingBlocks.EventBus.Kafka", "BuildingBlocks\MikeGrayCodes.BuildingBlocks.EventBus.Kafka\MikeGrayCodes.BuildingBlocks.EventBus.Kafka.csproj", "{2F24109B-8B81-46BD-BE7F-E3EE854F6A6F}"
EndProject
Project("{9A19103F-16F7-4668-BE54-9A1E7A4F7556}") = "MikeGrayCodes.BuildingBlocks.Infrastructure", "BuildingBlocks\MikeGrayCodes.BuildingBlocks.Infrastructure\MikeGrayCodes.BuildingBlocks.Infrastructure.csproj", "{4C894E73-5873-44D1-A0E1-1113D34E0AF9}"
EndProject
Global
	GlobalSection(SolutionConfigurationPlatforms) = preSolution
		Debug|Any CPU = Debug|Any CPU
		Release|Any CPU = Release|Any CPU
	EndGlobalSection
	GlobalSection(ProjectConfigurationPlatforms) = postSolution
		{FF251BFF-7651-4F21-BA59-E5F2679EFF9F}.Debug|Any CPU.ActiveCfg = Debug|Any CPU
		{FF251BFF-7651-4F21-BA59-E5F2679EFF9F}.Debug|Any CPU.Build.0 = Debug|Any CPU
		{FF251BFF-7651-4F21-BA59-E5F2679EFF9F}.Release|Any CPU.ActiveCfg = Release|Any CPU
		{FF251BFF-7651-4F21-BA59-E5F2679EFF9F}.Release|Any CPU.Build.0 = Release|Any CPU
		{F4EAF93D-C02D-448C-82B9-1B9111AB0F3E}.Debug|Any CPU.ActiveCfg = Debug|Any CPU
		{F4EAF93D-C02D-448C-82B9-1B9111AB0F3E}.Debug|Any CPU.Build.0 = Debug|Any CPU
		{F4EAF93D-C02D-448C-82B9-1B9111AB0F3E}.Release|Any CPU.ActiveCfg = Release|Any CPU
		{F4EAF93D-C02D-448C-82B9-1B9111AB0F3E}.Release|Any CPU.Build.0 = Release|Any CPU
		{5152E2E5-066F-4EF5-9D05-644D8F3AB1B8}.Debug|Any CPU.ActiveCfg = Debug|Any CPU
		{5152E2E5-066F-4EF5-9D05-644D8F3AB1B8}.Debug|Any CPU.Build.0 = Debug|Any CPU
		{5152E2E5-066F-4EF5-9D05-644D8F3AB1B8}.Release|Any CPU.ActiveCfg = Release|Any CPU
		{5152E2E5-066F-4EF5-9D05-644D8F3AB1B8}.Release|Any CPU.Build.0 = Release|Any CPU
		{2F24109B-8B81-46BD-BE7F-E3EE854F6A6F}.Debug|Any CPU.ActiveCfg = Debug|Any CPU
		{2F24109B-8B81-46BD-BE7F-E3EE854F6A6F}.Debug|Any CPU.Build.0 = Debug|Any CPU
		{2F24109B-8B81-46BD-BE7F-E3EE854F6A6F}.Release|Any CPU.ActiveCfg = Release|Any CPU
		{2F24109B-8B81-46BD-BE7F-E3EE854F6A6F}.Release|Any CPU.Build.0 = Release|Any CPU
		{4C894E73-5873-44D1-A0E1-1113D34E0AF9}.Debug|Any CPU.ActiveCfg = Debug|Any CPU
		{4C894E73-5873-44D1-A0E1-1113D34E0AF9}.Debug|Any CPU.Build.0 = Debug|Any CPU
		{4C894E73-5873-44D1-A0E1-1113D34E0AF9}.Release|Any CPU.ActiveCfg = Release|Any CPU
		{4C894E73-5873-44D1-A0E1-1113D34E0AF9}.Release|Any CPU.Build.0 = Release|Any CPU
	EndGlobalSection
	GlobalSection(SolutionProperties) = preSolution
		HideSolutionNode = FALSE
	EndGlobalSection
	GlobalSection(NestedProjects) = preSolution
		{FF251BFF-7651-4F21-BA59-E5F2679EFF9F} = {1694AE12-D3DE-4A55-8874-0E12FA483F01}
		{F4EAF93D-C02D-448C-82B9-1B9111AB0F3E} = {1694AE12-D3DE-4A55-8874-0E12FA483F01}
		{5152E2E5-066F-4EF5-9D05-644D8F3AB1B8} = {1694AE12-D3DE-4A55-8874-0E12FA483F01}
		{2F24109B-8B81-46BD-BE7F-E3EE854F6A6F} = {1694AE12-D3DE-4A55-8874-0E12FA483F01}
		{4C894E73-5873-44D1-A0E1-1113D34E0AF9} = {1694AE12-D3DE-4A55-8874-0E12FA483F01}
	EndGlobalSection
	GlobalSection(ExtensibilityGlobals) = postSolution
		SolutionGuid = {0169AF0F-8204-4BD8-8082-84B4BD76B4C6}
	EndGlobalSection
EndGlobal
