
Microsoft Visual Studio Solution File, Format Version 12.00
# Visual Studio Version 16
VisualStudioVersion = 16.0.29306.81
MinimumVisualStudioVersion = 10.0.40219.1
Project("{2150E333-8FDC-42A3-9474-1A3956D46DE8}") = "BuildingBlocks", "BuildingBlocks", "{1694AE12-D3DE-4A55-8874-0E12FA483F01}"
EndProject
Project("{9A19103F-16F7-4668-BE54-9A1E7A4F7556}") = "MikeGrayCodes.BuildingBlocks.Domain", "BuildingBlocks\MikeGrayCodes.BuildingBlocks.Domain\MikeGrayCodes.BuildingBlocks.Domain.csproj", "{FF251BFF-7651-4F21-BA59-E5F2679EFF9F}"
EndProject
Project("{9A19103F-16F7-4668-BE54-9A1E7A4F7556}") = "MikeGrayCodes.BuildingBlocks.Application", "BuildingBlocks\MikeGrayCodes.BuildingBlocks.Application\MikeGrayCodes.BuildingBlocks.Application.csproj", "{F4EAF93D-C02D-448C-82B9-1B9111AB0F3E}"
EndProject
Project("{9A19103F-16F7-4668-BE54-9A1E7A4F7556}") = "MikeGrayCodes.BuildingBlocks.Infrastructure", "BuildingBlocks\MikeGrayCodes.BuildingBlocks.Infrastructure\MikeGrayCodes.BuildingBlocks.Infrastructure.csproj", "{4C894E73-5873-44D1-A0E1-1113D34E0AF9}"
EndProject
Project("{2150E333-8FDC-42A3-9474-1A3956D46DE8}") = "Services", "Services", "{07A8E875-68CD-42D1-BD57-9BDC07A5398F}"
EndProject
Project("{2150E333-8FDC-42A3-9474-1A3956D46DE8}") = "Authentication", "Authentication", "{C655DFDB-89D5-441B-BFCA-1E7710DA16DC}"
EndProject
Project("{9A19103F-16F7-4668-BE54-9A1E7A4F7556}") = "MikeGrayCodes.Authentication.Application", "Services\Authentication\MikeGrayCodes.Authentication.Application\MikeGrayCodes.Authentication.Application.csproj", "{CA4CB74C-BDF5-4CD7-A417-43B61DD2D3B9}"
EndProject
Project("{9A19103F-16F7-4668-BE54-9A1E7A4F7556}") = "MikeGrayCodes.Authentication.Domain", "Services\Authentication\MikeGrayCodes.Authentication.Domain\MikeGrayCodes.Authentication.Domain.csproj", "{4B098FA9-A255-4991-8AF9-E83259207CE5}"
EndProject
Project("{9A19103F-16F7-4668-BE54-9A1E7A4F7556}") = "MikeGrayCodes.Authentication.Infrastructure", "Services\Authentication\MikeGrayCodes.Authentication.Infrastructure\MikeGrayCodes.Authentication.Infrastructure.csproj", "{C0DDE38F-2525-4763-95C5-E8E458B926F0}"
EndProject
Project("{9A19103F-16F7-4668-BE54-9A1E7A4F7556}") = "MikeGrayCodes.Authentication.Service", "Services\Authentication\MikeGrayCodes.Authentication.Service\MikeGrayCodes.Authentication.Service.csproj", "{B1086B21-B5C9-4ADC-BCA8-31DC791E2CB4}"
EndProject
Project("{9A19103F-16F7-4668-BE54-9A1E7A4F7556}") = "MikeGrayCodes.BuildingBlocks.Service", "BuildingBlocks\MikeGrayCodes.BuildingBlocks.Service\MikeGrayCodes.BuildingBlocks.Service.csproj", "{B4CC1ECF-847C-4AAA-87E1-917F04F4025A}"
EndProject
Global
	GlobalSection(SolutionConfigurationPlatforms) = preSolution
		Debug|Any CPU = Debug|Any CPU
		Release|Any CPU = Release|Any CPU
	EndGlobalSection
	GlobalSection(ProjectConfigurationPlatforms) = postSolution
		{FF251BFF-7651-4F21-BA59-E5F2679EFF9F}.Debug|Any CPU.ActiveCfg = Debug|Any CPU
		{FF251BFF-7651-4F21-BA59-E5F2679EFF9F}.Debug|Any CPU.Build.0 = Debug|Any CPU
		{FF251BFF-7651-4F21-BA59-E5F2679EFF9F}.Release|Any CPU.ActiveCfg = Release|Any CPU
		{FF251BFF-7651-4F21-BA59-E5F2679EFF9F}.Release|Any CPU.Build.0 = Release|Any CPU
		{F4EAF93D-C02D-448C-82B9-1B9111AB0F3E}.Debug|Any CPU.ActiveCfg = Debug|Any CPU
		{F4EAF93D-C02D-448C-82B9-1B9111AB0F3E}.Debug|Any CPU.Build.0 = Debug|Any CPU
		{F4EAF93D-C02D-448C-82B9-1B9111AB0F3E}.Release|Any CPU.ActiveCfg = Release|Any CPU
		{F4EAF93D-C02D-448C-82B9-1B9111AB0F3E}.Release|Any CPU.Build.0 = Release|Any CPU
		{4C894E73-5873-44D1-A0E1-1113D34E0AF9}.Debug|Any CPU.ActiveCfg = Debug|Any CPU
		{4C894E73-5873-44D1-A0E1-1113D34E0AF9}.Debug|Any CPU.Build.0 = Debug|Any CPU
		{4C894E73-5873-44D1-A0E1-1113D34E0AF9}.Release|Any CPU.ActiveCfg = Release|Any CPU
		{4C894E73-5873-44D1-A0E1-1113D34E0AF9}.Release|Any CPU.Build.0 = Release|Any CPU
		{CA4CB74C-BDF5-4CD7-A417-43B61DD2D3B9}.Debug|Any CPU.ActiveCfg = Debug|Any CPU
		{CA4CB74C-BDF5-4CD7-A417-43B61DD2D3B9}.Debug|Any CPU.Build.0 = Debug|Any CPU
		{CA4CB74C-BDF5-4CD7-A417-43B61DD2D3B9}.Release|Any CPU.ActiveCfg = Release|Any CPU
		{CA4CB74C-BDF5-4CD7-A417-43B61DD2D3B9}.Release|Any CPU.Build.0 = Release|Any CPU
		{4B098FA9-A255-4991-8AF9-E83259207CE5}.Debug|Any CPU.ActiveCfg = Debug|Any CPU
		{4B098FA9-A255-4991-8AF9-E83259207CE5}.Debug|Any CPU.Build.0 = Debug|Any CPU
		{4B098FA9-A255-4991-8AF9-E83259207CE5}.Release|Any CPU.ActiveCfg = Release|Any CPU
		{4B098FA9-A255-4991-8AF9-E83259207CE5}.Release|Any CPU.Build.0 = Release|Any CPU
		{C0DDE38F-2525-4763-95C5-E8E458B926F0}.Debug|Any CPU.ActiveCfg = Debug|Any CPU
		{C0DDE38F-2525-4763-95C5-E8E458B926F0}.Debug|Any CPU.Build.0 = Debug|Any CPU
		{C0DDE38F-2525-4763-95C5-E8E458B926F0}.Release|Any CPU.ActiveCfg = Release|Any CPU
		{C0DDE38F-2525-4763-95C5-E8E458B926F0}.Release|Any CPU.Build.0 = Release|Any CPU
		{B1086B21-B5C9-4ADC-BCA8-31DC791E2CB4}.Debug|Any CPU.ActiveCfg = Debug|Any CPU
		{B1086B21-B5C9-4ADC-BCA8-31DC791E2CB4}.Debug|Any CPU.Build.0 = Debug|Any CPU
		{B1086B21-B5C9-4ADC-BCA8-31DC791E2CB4}.Release|Any CPU.ActiveCfg = Release|Any CPU
		{B1086B21-B5C9-4ADC-BCA8-31DC791E2CB4}.Release|Any CPU.Build.0 = Release|Any CPU
		{B4CC1ECF-847C-4AAA-87E1-917F04F4025A}.Debug|Any CPU.ActiveCfg = Debug|Any CPU
		{B4CC1ECF-847C-4AAA-87E1-917F04F4025A}.Debug|Any CPU.Build.0 = Debug|Any CPU
		{B4CC1ECF-847C-4AAA-87E1-917F04F4025A}.Release|Any CPU.ActiveCfg = Release|Any CPU
		{B4CC1ECF-847C-4AAA-87E1-917F04F4025A}.Release|Any CPU.Build.0 = Release|Any CPU
	EndGlobalSection
	GlobalSection(SolutionProperties) = preSolution
		HideSolutionNode = FALSE
	EndGlobalSection
	GlobalSection(NestedProjects) = preSolution
		{FF251BFF-7651-4F21-BA59-E5F2679EFF9F} = {1694AE12-D3DE-4A55-8874-0E12FA483F01}
		{F4EAF93D-C02D-448C-82B9-1B9111AB0F3E} = {1694AE12-D3DE-4A55-8874-0E12FA483F01}
		{4C894E73-5873-44D1-A0E1-1113D34E0AF9} = {1694AE12-D3DE-4A55-8874-0E12FA483F01}
		{C655DFDB-89D5-441B-BFCA-1E7710DA16DC} = {07A8E875-68CD-42D1-BD57-9BDC07A5398F}
		{CA4CB74C-BDF5-4CD7-A417-43B61DD2D3B9} = {C655DFDB-89D5-441B-BFCA-1E7710DA16DC}
		{4B098FA9-A255-4991-8AF9-E83259207CE5} = {C655DFDB-89D5-441B-BFCA-1E7710DA16DC}
		{C0DDE38F-2525-4763-95C5-E8E458B926F0} = {C655DFDB-89D5-441B-BFCA-1E7710DA16DC}
		{B1086B21-B5C9-4ADC-BCA8-31DC791E2CB4} = {C655DFDB-89D5-441B-BFCA-1E7710DA16DC}
		{B4CC1ECF-847C-4AAA-87E1-917F04F4025A} = {1694AE12-D3DE-4A55-8874-0E12FA483F01}
	EndGlobalSection
	GlobalSection(ExtensibilityGlobals) = postSolution
		SolutionGuid = {0169AF0F-8204-4BD8-8082-84B4BD76B4C6}
	EndGlobalSection
EndGlobal
